
Microsoft Visual Studio Solution File, Format Version 12.00
# Visual Studio Version 17
VisualStudioVersion = 17.4.33205.214
MinimumVisualStudioVersion = 10.0.40219.1
Project("{FAE04EC0-301F-11D3-BF4B-00C04F79EFBC}") = "TechMeasurements_2020_L2_3D_Data_Izometry", "TechMeasurements_2020_L2_3D_Data_Izometry\TechMeasurements_2020_L2_3D_Data_Izometry.csproj", "{53E9996E-B1A2-441F-BB4D-579B0F958C16}"
EndProject
Global
	GlobalSection(SolutionConfigurationPlatforms) = preSolution
		Debug|Any CPU = Debug|Any CPU
		Release|Any CPU = Release|Any CPU
	EndGlobalSection
	GlobalSection(ProjectConfigurationPlatforms) = postSolution
		{53E9996E-B1A2-441F-BB4D-579B0F958C16}.Debug|Any CPU.ActiveCfg = Debug|Any CPU
		{53E9996E-B1A2-441F-BB4D-579B0F958C16}.Debug|Any CPU.Build.0 = Debug|Any CPU
		{53E9996E-B1A2-441F-BB4D-579B0F958C16}.Release|Any CPU.ActiveCfg = Release|Any CPU
		{53E9996E-B1A2-441F-BB4D-579B0F958C16}.Release|Any CPU.Build.0 = Release|Any CPU
	EndGlobalSection
	GlobalSection(SolutionProperties) = preSolution
		HideSolutionNode = FALSE
	EndGlobalSection
	GlobalSection(ExtensibilityGlobals) = postSolution
		SolutionGuid = {8F9940BB-DD92-41C5-8625-7865A1A2E058}
	EndGlobalSection
EndGlobal
